<Solution>
  <Project Path="Assembly-CSharp.csproj" />
  <Project Path="Assembly-CSharp-firstpass.csproj" />
  <Project Path="Scripts.csproj" />
  <Project Path="EditMode.csproj" />
  <Project Path="Assembly-CSharp-Editor-firstpass.csproj" />
  <Project Path="Assembly-CSharp-Editor.csproj" />
</Solution>
